
Microsoft Visual Studio Solution File, Format Version 12.00
# Visual Studio 15
Project("{FAE04EC0-301F-11D3-BF4B-00C04F79EFBC}") = "ArquivoApp.Android", "ArquivoApp.Android\ArquivoApp.Android.csproj", "{508A8633-9D9E-45FB-BC2B-7C1E31652D27}"
EndProject
Project("{FAE04EC0-301F-11D3-BF4B-00C04F79EFBC}") = "ArquivoApp.iOS", "ArquivoApp.iOS\ArquivoApp.iOS.csproj", "{65630B63-869B-4447-8323-FA7BB2407B43}"
EndProject
Project("{FAE04EC0-301F-11D3-BF4B-00C04F79EFBC}") = "ArquivoApp", "ArquivoApp\ArquivoApp.csproj", "{E4306972-45D2-4CFE-B104-7F35D5FE947A}"
EndProject
Global
	GlobalSection(SolutionConfigurationPlatforms) = preSolution
		Debug|Any CPU = Debug|Any CPU
		Release|Any CPU = Release|Any CPU
		Debug|iPhoneSimulator = Debug|iPhoneSimulator
		Release|iPhoneSimulator = Release|iPhoneSimulator
		Debug|iPhone = Debug|iPhone
		Release|iPhone = Release|iPhone
		Ad-Hoc|iPhone = Ad-Hoc|iPhone
		AppStore|iPhone = AppStore|iPhone
	EndGlobalSection
	GlobalSection(ProjectConfigurationPlatforms) = postSolution
		{508A8633-9D9E-45FB-BC2B-7C1E31652D27}.Debug|Any CPU.ActiveCfg = Debug|Any CPU
		{508A8633-9D9E-45FB-BC2B-7C1E31652D27}.Debug|Any CPU.Build.0 = Debug|Any CPU
		{508A8633-9D9E-45FB-BC2B-7C1E31652D27}.Release|Any CPU.ActiveCfg = Release|Any CPU
		{508A8633-9D9E-45FB-BC2B-7C1E31652D27}.Release|Any CPU.Build.0 = Release|Any CPU
		{508A8633-9D9E-45FB-BC2B-7C1E31652D27}.Debug|iPhoneSimulator.ActiveCfg = Debug|Any CPU
		{508A8633-9D9E-45FB-BC2B-7C1E31652D27}.Debug|iPhoneSimulator.Build.0 = Debug|Any CPU
		{508A8633-9D9E-45FB-BC2B-7C1E31652D27}.Release|iPhoneSimulator.ActiveCfg = Release|Any CPU
		{508A8633-9D9E-45FB-BC2B-7C1E31652D27}.Release|iPhoneSimulator.Build.0 = Release|Any CPU
		{508A8633-9D9E-45FB-BC2B-7C1E31652D27}.Debug|iPhone.ActiveCfg = Debug|Any CPU
		{508A8633-9D9E-45FB-BC2B-7C1E31652D27}.Debug|iPhone.Build.0 = Debug|Any CPU
		{508A8633-9D9E-45FB-BC2B-7C1E31652D27}.Release|iPhone.ActiveCfg = Release|Any CPU
		{508A8633-9D9E-45FB-BC2B-7C1E31652D27}.Release|iPhone.Build.0 = Release|Any CPU
		{508A8633-9D9E-45FB-BC2B-7C1E31652D27}.Ad-Hoc|iPhone.ActiveCfg = Debug|Any CPU
		{508A8633-9D9E-45FB-BC2B-7C1E31652D27}.Ad-Hoc|iPhone.Build.0 = Debug|Any CPU
		{508A8633-9D9E-45FB-BC2B-7C1E31652D27}.AppStore|iPhone.ActiveCfg = Debug|Any CPU
		{508A8633-9D9E-45FB-BC2B-7C1E31652D27}.AppStore|iPhone.Build.0 = Debug|Any CPU
		{65630B63-869B-4447-8323-FA7BB2407B43}.Debug|Any CPU.ActiveCfg = Debug|iPhoneSimulator
		{65630B63-869B-4447-8323-FA7BB2407B43}.Debug|Any CPU.Build.0 = Debug|iPhoneSimulator
		{65630B63-869B-4447-8323-FA7BB2407B43}.Release|Any CPU.ActiveCfg = Release|iPhoneSimulator
		{65630B63-869B-4447-8323-FA7BB2407B43}.Release|Any CPU.Build.0 = Release|iPhoneSimulator
		{65630B63-869B-4447-8323-FA7BB2407B43}.Debug|iPhoneSimulator.ActiveCfg = Debug|iPhoneSimulator
		{65630B63-869B-4447-8323-FA7BB2407B43}.Debug|iPhoneSimulator.Build.0 = Debug|iPhoneSimulator
		{65630B63-869B-4447-8323-FA7BB2407B43}.Release|iPhoneSimulator.ActiveCfg = Release|iPhoneSimulator
		{65630B63-869B-4447-8323-FA7BB2407B43}.Release|iPhoneSimulator.Build.0 = Release|iPhoneSimulator
		{65630B63-869B-4447-8323-FA7BB2407B43}.Debug|iPhone.ActiveCfg = Debug|iPhone
		{65630B63-869B-4447-8323-FA7BB2407B43}.Debug|iPhone.Build.0 = Debug|iPhone
		{65630B63-869B-4447-8323-FA7BB2407B43}.Release|iPhone.ActiveCfg = Release|iPhone
		{65630B63-869B-4447-8323-FA7BB2407B43}.Release|iPhone.Build.0 = Release|iPhone
		{65630B63-869B-4447-8323-FA7BB2407B43}.Ad-Hoc|iPhone.ActiveCfg = Ad-Hoc|iPhone
		{65630B63-869B-4447-8323-FA7BB2407B43}.Ad-Hoc|iPhone.Build.0 = Ad-Hoc|iPhone
		{65630B63-869B-4447-8323-FA7BB2407B43}.AppStore|iPhone.ActiveCfg = AppStore|iPhone
		{65630B63-869B-4447-8323-FA7BB2407B43}.AppStore|iPhone.Build.0 = AppStore|iPhone
		{E4306972-45D2-4CFE-B104-7F35D5FE947A}.Debug|Any CPU.ActiveCfg = Debug|Any CPU
		{E4306972-45D2-4CFE-B104-7F35D5FE947A}.Debug|Any CPU.Build.0 = Debug|Any CPU
		{E4306972-45D2-4CFE-B104-7F35D5FE947A}.Release|Any CPU.ActiveCfg = Release|Any CPU
		{E4306972-45D2-4CFE-B104-7F35D5FE947A}.Release|Any CPU.Build.0 = Release|Any CPU
		{E4306972-45D2-4CFE-B104-7F35D5FE947A}.Debug|iPhoneSimulator.ActiveCfg = Debug|Any CPU
		{E4306972-45D2-4CFE-B104-7F35D5FE947A}.Debug|iPhoneSimulator.Build.0 = Debug|Any CPU
		{E4306972-45D2-4CFE-B104-7F35D5FE947A}.Release|iPhoneSimulator.ActiveCfg = Release|Any CPU
		{E4306972-45D2-4CFE-B104-7F35D5FE947A}.Release|iPhoneSimulator.Build.0 = Release|Any CPU
		{E4306972-45D2-4CFE-B104-7F35D5FE947A}.Debug|iPhone.ActiveCfg = Debug|Any CPU
		{E4306972-45D2-4CFE-B104-7F35D5FE947A}.Debug|iPhone.Build.0 = Debug|Any CPU
		{E4306972-45D2-4CFE-B104-7F35D5FE947A}.Release|iPhone.ActiveCfg = Release|Any CPU
		{E4306972-45D2-4CFE-B104-7F35D5FE947A}.Release|iPhone.Build.0 = Release|Any CPU
		{E4306972-45D2-4CFE-B104-7F35D5FE947A}.Ad-Hoc|iPhone.ActiveCfg = Debug|Any CPU
		{E4306972-45D2-4CFE-B104-7F35D5FE947A}.Ad-Hoc|iPhone.Build.0 = Debug|Any CPU
		{E4306972-45D2-4CFE-B104-7F35D5FE947A}.AppStore|iPhone.ActiveCfg = Debug|Any CPU
		{E4306972-45D2-4CFE-B104-7F35D5FE947A}.AppStore|iPhone.Build.0 = Debug|Any CPU
	EndGlobalSection
EndGlobal
